
Microsoft Visual Studio Solution File, Format Version 12.00
# Visual Studio Version 17
VisualStudioVersion = 17.4.33213.308
MinimumVisualStudioVersion = 10.0.40219.1
Project("{FAE04EC0-301F-11D3-BF4B-00C04F79EFBC}") = "TextRec", "TextRec\TextRec.csproj", "{BBCD6E28-5469-419F-96CB-3D6136202AE7}"
EndProject
Global
	GlobalSection(SolutionConfigurationPlatforms) = preSolution
		Debug|Any CPU = Debug|Any CPU
		Release|Any CPU = Release|Any CPU
	EndGlobalSection
	GlobalSection(ProjectConfigurationPlatforms) = postSolution
		{BBCD6E28-5469-419F-96CB-3D6136202AE7}.Debug|Any CPU.ActiveCfg = Debug|Any CPU
		{BBCD6E28-5469-419F-96CB-3D6136202AE7}.Debug|Any CPU.Build.0 = Debug|Any CPU
		{BBCD6E28-5469-419F-96CB-3D6136202AE7}.Release|Any CPU.ActiveCfg = Release|Any CPU
		{BBCD6E28-5469-419F-96CB-3D6136202AE7}.Release|Any CPU.Build.0 = Release|Any CPU
	EndGlobalSection
	GlobalSection(SolutionProperties) = preSolution
		HideSolutionNode = FALSE
	EndGlobalSection
	GlobalSection(ExtensibilityGlobals) = postSolution
		SolutionGuid = {7FC64078-0C78-46E8-B623-FBB18AEDBBB4}
	EndGlobalSection
EndGlobal
